
Microsoft Visual Studio Solution File, Format Version 12.00
Project("{FAE04EC0-301F-11D3-BF4B-00C04F79EFBC}") = "NetZmq", "NetZmq\NetZmq.csproj", "{9AD647DB-DB8C-42AD-9774-29B14FCADEF3}"
EndProject
Global
	GlobalSection(SolutionConfigurationPlatforms) = preSolution
		Debug|Any CPU = Debug|Any CPU
		Release|Any CPU = Release|Any CPU
	EndGlobalSection
	GlobalSection(ProjectConfigurationPlatforms) = postSolution
		{9AD647DB-DB8C-42AD-9774-29B14FCADEF3}.Debug|Any CPU.ActiveCfg = Debug|Any CPU
		{9AD647DB-DB8C-42AD-9774-29B14FCADEF3}.Debug|Any CPU.Build.0 = Debug|Any CPU
		{9AD647DB-DB8C-42AD-9774-29B14FCADEF3}.Release|Any CPU.ActiveCfg = Release|Any CPU
		{9AD647DB-DB8C-42AD-9774-29B14FCADEF3}.Release|Any CPU.Build.0 = Release|Any CPU
	EndGlobalSection
EndGlobal
